Microsoft Visual Studio Solution File, Format Version 12.00
# Visual Studio Version 17
VisualStudioVersion = 17.5.2.0
MinimumVisualStudioVersion = 10.0.40219.1
Project("{FAE04EC0-301F-11D3-BF4B-00C04F79EFBC}") = "dataHandler", "dataHandler.csproj", "{99A90FC5-C9EA-F7FA-E909-DBB082A7D360}"
EndProject
Global
	GlobalSection(SolutionConfigurationPlatforms) = preSolution
		Debug|Any CPU = Debug|Any CPU
		Release|Any CPU = Release|Any CPU
	EndGlobalSection
	GlobalSection(ProjectConfigurationPlatforms) = postSolution
		{99A90FC5-C9EA-F7FA-E909-DBB082A7D360}.Debug|Any CPU.ActiveCfg = Debug|Any CPU
		{99A90FC5-C9EA-F7FA-E909-DBB082A7D360}.Debug|Any CPU.Build.0 = Debug|Any CPU
		{99A90FC5-C9EA-F7FA-E909-DBB082A7D360}.Release|Any CPU.ActiveCfg = Release|Any CPU
		{99A90FC5-C9EA-F7FA-E909-DBB082A7D360}.Release|Any CPU.Build.0 = Release|Any CPU
	EndGlobalSection
	GlobalSection(SolutionProperties) = preSolution
		HideSolutionNode = FALSE
	EndGlobalSection
	GlobalSection(ExtensibilityGlobals) = postSolution
		SolutionGuid = {64CA5AD0-E030-45D6-93F7-62C6858B32A5}
	EndGlobalSection
EndGlobal
